# THIS IS AN AUTOGENERATED FILE. DO NOT EDIT THIS FILE DIRECTLY.
# yarn lockfile v1
gherkin@^4.0.0:
  version "4.0.0"
  resolved "http://registry.npmjs.org/gherkin/-/gherkin-4.0.0.tgz#79dce04d1223ea43b4862a76be5ce8f89c12c32c"

trim@^0.0.1:
  version "0.0.1"
  resolved "https://registry.yarnpkg.com/trim/-/trim-0.0.1.tgz#5858547f6b290757ee95cccc666fb50084c460dd"

vscode-jsonrpc@^2.4.0:
  version "2.4.0"
  resolved "https://registry.yarnpkg.com/vscode-jsonrpc/-/vscode-jsonrpc-2.4.0.tgz#51396030e13179555c939b791c29598058b8fbb4"

vscode-languageserver-types@^1.0.4:
  version "1.0.4"
  resolved "https://registry.yarnpkg.com/vscode-languageserver-types/-/vscode-languageserver-types-1.0.4.tgz#439a52f040c89cf6599d88ed9a1b5a9abdca11b7"

vscode-languageserver@^2.6.1:
  version "2.6.1"
  resolved "https://registry.yarnpkg.com/vscode-languageserver/-/vscode-languageserver-2.6.1.tgz#9018273b561e13d097a451440f38d04484d689f8"
  dependencies:
    vscode-jsonrpc "^2.4.0"
    vscode-languageserver-types "^1.0.4"

